
Microsoft Visual Studio Solution File, Format Version 12.00
# Visual Studio Version 17
VisualStudioVersion = 17.14.37027.9 d17.14
MinimumVisualStudioVersion = 10.0.40219.1
Project("{FAE04EC0-301F-11D3-BF4B-00C04F79EFBC}") = "Events.EFModel", "Events.EFModel.csproj", "{0B236F16-4861-4ABE-97B7-0CB05C59419C}"
EndProject
Global
	GlobalSection(SolutionConfigurationPlatforms) = preSolution
		Debug|Any CPU = Debug|Any CPU
		Release|Any CPU = Release|Any CPU
	EndGlobalSection
	GlobalSection(ProjectConfigurationPlatforms) = postSolution
		{0B236F16-4861-4ABE-97B7-0CB05C59419C}.Debug|Any CPU.ActiveCfg = Debug|Any CPU
		{0B236F16-4861-4ABE-97B7-0CB05C59419C}.Debug|Any CPU.Build.0 = Debug|Any CPU
		{0B236F16-4861-4ABE-97B7-0CB05C59419C}.Release|Any CPU.ActiveCfg = Release|Any CPU
		{0B236F16-4861-4ABE-97B7-0CB05C59419C}.Release|Any CPU.Build.0 = Release|Any CPU
	EndGlobalSection
	GlobalSection(SolutionProperties) = preSolution
		HideSolutionNode = FALSE
	EndGlobalSection
	GlobalSection(ExtensibilityGlobals) = postSolution
		SolutionGuid = {D8849F4C-179C-485C-AA0D-CEDF68FAA1E0}
	EndGlobalSection
EndGlobal
